// !$*UTF8*$!
{
	archiveVersion = 1;
	classes = {
	};
	objectVersion = 50;
	objects = {

/* Begin PBXBuildFile section */
		0430DD76221A2A7D000CA3D7 /* CategoryViewController.swift in Sources */ = {isa = PBXBuildFile; fileRef = 0430DD75221A2A7D000CA3D7 /* CategoryViewController.swift */; };
		04769D80221DF2FC00F0DE63 /* DayViewController.swift in Sources */ = {isa = PBXBuildFile; fileRef = 04769D7F221DF2FC00F0DE63 /* DayViewController.swift */; };
		04B90209220E0B6400EC5826 /* AppDelegate.swift in Sources */ = {isa = PBXBuildFile; fileRef = 04B90208220E0B6400EC5826 /* AppDelegate.swift */; };
		04B9020B220E0B6400EC5826 /* ToDoListViewController.swift in Sources */ = {isa = PBXBuildFile; fileRef = 04B9020A220E0B6400EC5826 /* ToDoListViewController.swift */; };
		04B9020E220E0B6400EC5826 /* Main.storyboard in Resources */ = {isa = PBXBuildFile; fileRef = 04B9020C220E0B6400EC5826 /* Main.storyboard */; };
		04B90210220E0B6500EC5826 /* Assets.xcassets in Resources */ = {isa = PBXBuildFile; fileRef = 04B9020F220E0B6500EC5826 /* Assets.xcassets */; };
		04B90213220E0B6500EC5826 /* LaunchScreen.storyboard in Resources */ = {isa = PBXBuildFile; fileRef = 04B90211220E0B6500EC5826 /* LaunchScreen.storyboard */; };
		04F92512221A559800EFB549 /* Item.swift in Sources */ = {isa = PBXBuildFile; fileRef = 04F92511221A559800EFB549 /* Item.swift */; };
		04F92514221A55AE00EFB549 /* Category.swift in Sources */ = {isa = PBXBuildFile; fileRef = 04F92513221A55AE00EFB549 /* Category.swift */; };
		04F92516221CC22900EFB549 /* SwipeTableViewController.swift in Sources */ = {isa = PBXBuildFile; fileRef = 04F92515221CC22900EFB549 /* SwipeTableViewController.swift */; };
		CA1471B21ED09FF6B3E07596 /* Pods_Todoey.framework in Frameworks */ = {isa = PBXBuildFile; fileRef = 2D496476E7DD8B08D0CD528B /* Pods_Todoey.framework */; };
/* End PBXBuildFile section */

/* Begin PBXFileReference section */
		0430DD75221A2A7D000CA3D7 /* CategoryViewController.swift */ = {isa = PBXFileReference; lastKnownFileType = sourcecode.swift; path = CategoryViewController.swift; sourceTree = "<group>"; };
		04769D7F221DF2FC00F0DE63 /* DayViewController.swift */ = {isa = PBXFileReference; lastKnownFileType = sourcecode.swift; path = DayViewController.swift; sourceTree = "<group>"; };
		04B90205220E0B6400EC5826 /* Todoey.app */ = {isa = PBXFileReference; explicitFileType = wrapper.application; includeInIndex = 0; path = Todoey.app; sourceTree = BUILT_PRODUCTS_DIR; };
		04B90208220E0B6400EC5826 /* AppDelegate.swift */ = {isa = PBXFileReference; lastKnownFileType = sourcecode.swift; path = AppDelegate.swift; sourceTree = "<group>"; };
		04B9020A220E0B6400EC5826 /* ToDoListViewController.swift */ = {isa = PBXFileReference; lastKnownFileType = sourcecode.swift; path = ToDoListViewController.swift; sourceTree = "<group>"; };
		04B9020D220E0B6400EC5826 /* Base */ = {isa = PBXFileReference; lastKnownFileType = file.storyboard; name = Base; path = Base.lproj/Main.storyboard; sourceTree = "<group>"; };
		04B9020F220E0B6500EC5826 /* Assets.xcassets */ = {isa = PBXFileReference; lastKnownFileType = folder.assetcatalog; path = Assets.xcassets; sourceTree = "<group>"; };
		04B90212220E0B6500EC5826 /* Base */ = {isa = PBXFileReference; lastKnownFileType = file.storyboard; name = Base; path = Base.lproj/LaunchScreen.storyboard; sourceTree = "<group>"; };
		04B90214220E0B6500EC5826 /* Info.plist */ = {isa = PBXFileReference; lastKnownFileType = text.plist.xml; path = Info.plist; sourceTree = "<group>"; };
		04F92511221A559800EFB549 /* Item.swift */ = {isa = PBXFileReference; lastKnownFileType = sourcecode.swift; path = Item.swift; sourceTree = "<group>"; };
		04F92513221A55AE00EFB549 /* Category.swift */ = {isa = PBXFileReference; lastKnownFileType = sourcecode.swift; path = Category.swift; sourceTree = "<group>"; };
		04F92515221CC22900EFB549 /* SwipeTableViewController.swift */ = {isa = PBXFileReference; lastKnownFileType = sourcecode.swift; path = SwipeTableViewController.swift; sourceTree = "<group>"; };
		2D496476E7DD8B08D0CD528B /* Pods_Todoey.framework */ = {isa = PBXFileReference; explicitFileType = wrapper.framework; includeInIndex = 0; path = Pods_Todoey.framework; sourceTree = BUILT_PRODUCTS_DIR; };
		4B643188AEE691D800790EEC /* Pods-Todoey.release.xcconfig */ = {isa = PBXFileReference; includeInIndex = 1; lastKnownFileType = text.xcconfig; name = "Pods-Todoey.release.xcconfig"; path = "Pods/Target Support Files/Pods-Todoey/Pods-Todoey.release.xcconfig"; sourceTree = "<group>"; };
		8C934C3C399E3C057E674571 /* Pods-Todoey.debug.xcconfig */ = {isa = PBXFileReference; includeInIndex = 1; lastKnownFileType = text.xcconfig; name = "Pods-Todoey.debug.xcconfig"; path = "Pods/Target Support Files/Pods-Todoey/Pods-Todoey.debug.xcconfig"; sourceTree = "<group>"; };
/* End PBXFileReference section */

/* Begin PBXFrameworksBuildPhase section */
		04B90202220E0B6400EC5826 /* Frameworks */ = {
			isa = PBXFrameworksBuildPhase;
			buildActionMask = 2147483647;
			files = (
				CA1471B21ED09FF6B3E07596 /* Pods_Todoey.framework in Frameworks */,
			);
			runOnlyForDeploymentPostprocessing = 0;
		};
/* End PBXFrameworksBuildPhase section */

/* Begin PBXGroup section */
		0430DD4D221333C5000CA3D7 /* Data Model */ = {
			isa = PBXGroup;
			children = (
				04F92513221A55AE00EFB549 /* Category.swift */,
				04F92511221A559800EFB549 /* Item.swift */,
			);
			path = "Data Model";
			sourceTree = "<group>";
		};
		0430DD4E221333EC000CA3D7 /* Controllers */ = {
			isa = PBXGroup;
			children = (
				0430DD75221A2A7D000CA3D7 /* CategoryViewController.swift */,
				04B9020A220E0B6400EC5826 /* ToDoListViewController.swift */,
				04F92515221CC22900EFB549 /* SwipeTableViewController.swift */,
				04769D7F221DF2FC00F0DE63 /* DayViewController.swift */,
			);
			path = Controllers;
			sourceTree = "<group>";
		};
		0430DD4F22133402000CA3D7 /* Views */ = {
			isa = PBXGroup;
			children = (
				04B9020C220E0B6400EC5826 /* Main.storyboard */,
			);
			path = Views;
			sourceTree = "<group>";
		};
		0430DD502213343A000CA3D7 /* Supporting Files */ = {
			isa = PBXGroup;
			children = (
				04B9020F220E0B6500EC5826 /* Assets.xcassets */,
				04B90211220E0B6500EC5826 /* LaunchScreen.storyboard */,
			);
			path = "Supporting Files";
			sourceTree = "<group>";
		};
		04B901FC220E0B6400EC5826 = {
			isa = PBXGroup;
			children = (
				04B90207220E0B6400EC5826 /* Todoey */,
				04B90206220E0B6400EC5826 /* Products */,
				49C00C7F4C05850EE2DBBDFF /* Pods */,
				C6E838F99D86D9048CF9F8E8 /* Frameworks */,
			);
			sourceTree = "<group>";
		};
		04B90206220E0B6400EC5826 /* Products */ = {
			isa = PBXGroup;
			children = (
				04B90205220E0B6400EC5826 /* Todoey.app */,
			);
			name = Products;
			sourceTree = "<group>";
		};
		04B90207220E0B6400EC5826 /* Todoey */ = {
			isa = PBXGroup;
			children = (
				04B90208220E0B6400EC5826 /* AppDelegate.swift */,
				0430DD4E221333EC000CA3D7 /* Controllers */,
				0430DD4D221333C5000CA3D7 /* Data Model */,
				0430DD4F22133402000CA3D7 /* Views */,
				0430DD502213343A000CA3D7 /* Supporting Files */,
				04B90214220E0B6500EC5826 /* Info.plist */,
			);
			path = Todoey;
			sourceTree = "<group>";
		};
		49C00C7F4C05850EE2DBBDFF /* Pods */ = {
			isa = PBXGroup;
			children = (
				8C934C3C399E3C057E674571 /* Pods-Todoey.debug.xcconfig */,
				4B643188AEE691D800790EEC /* Pods-Todoey.release.xcconfig */,
			);
			name = Pods;
			sourceTree = "<group>";
		};
		C6E838F99D86D9048CF9F8E8 /* Frameworks */ = {
			isa = PBXGroup;
			children = (
				2D496476E7DD8B08D0CD528B /* Pods_Todoey.framework */,
			);
			name = Frameworks;
			sourceTree = "<group>";
		};
/* End PBXGroup section */

/* Begin PBXNativeTarget section */
		04B90204220E0B6400EC5826 /* Todoey */ = {
			isa = PBXNativeTarget;
			buildConfigurationList = 04B90217220E0B6500EC5826 /* Build configuration list for PBXNativeTarget "Todoey" */;
			buildPhases = (
				A240ECE3D6B949E27F5DA48B /* [CP] Check Pods Manifest.lock */,
				04B90201220E0B6400EC5826 /* Sources */,
				04B90202220E0B6400EC5826 /* Frameworks */,
				04B90203220E0B6400EC5826 /* Resources */,
				0B4A6B7844269D7DD76C446B /* [CP] Embed Pods Frameworks */,
			);
			buildRules = (
			);
			dependencies = (
			);
			name = Todoey;
			productName = Todoey;
			productReference = 04B90205220E0B6400EC5826 /* Todoey.app */;
			productType = "com.apple.product-type.application";
		};
/* End PBXNativeTarget section */

/* Begin PBXProject section */
		04B901FD220E0B6400EC5826 /* Project object */ = {
			isa = PBXProject;
			attributes = {
				LastSwiftUpdateCheck = 1010;
				LastUpgradeCheck = 1010;
				ORGANIZATIONNAME = giomanveli;
				TargetAttributes = {
					04B90204220E0B6400EC5826 = {
						CreatedOnToolsVersion = 10.1;
					};
				};
			};
			buildConfigurationList = 04B90200220E0B6400EC5826 /* Build configuration list for PBXProject "Todoey" */;
			compatibilityVersion = "Xcode 9.3";
			developmentRegion = en;
			hasScannedForEncodings = 0;
			knownRegions = (
				en,
				Base,
			);
			mainGroup = 04B901FC220E0B6400EC5826;
			productRefGroup = 04B90206220E0B6400EC5826 /* Products */;
			projectDirPath = "";
			projectRoot = "";
			targets = (
				04B90204220E0B6400EC5826 /* Todoey */,
			);
		};
/* End PBXProject section */

/* Begin PBXResourcesBuildPhase section */
		04B90203220E0B6400EC5826 /* Resources */ = {
			isa = PBXResourcesBuildPhase;
			buildActionMask = 2147483647;
			files = (
				04B90213220E0B6500EC5826 /* LaunchScreen.storyboard in Resources */,
				04B90210220E0B6500EC5826 /* Assets.xcassets in Resources */,
				04B9020E220E0B6400EC5826 /* Main.storyboard in Resources */,
			);
			runOnlyForDeploymentPostprocessing = 0;
		};
/* End PBXResourcesBuildPhase section */

/* Begin PBXShellScriptBuildPhase section */
		0B4A6B7844269D7DD76C446B /* [CP] Embed Pods Frameworks */ = {
			isa = PBXShellScriptBuildPhase;
			buildActionMask = 2147483647;
			files = (
			);
			inputFileListPaths = (
			);
			inputPaths = (
				"${SRCROOT}/Pods/Target Support Files/Pods-Todoey/Pods-Todoey-frameworks.sh",
				"${BUILT_PRODUCTS_DIR}/CalendarKit/CalendarKit.framework",
				"${BUILT_PRODUCTS_DIR}/DateToolsSwift/DateToolsSwift.framework",
				"${BUILT_PRODUCTS_DIR}/Neon/Neon.framework",
				"${BUILT_PRODUCTS_DIR}/Realm/Realm.framework",
				"${BUILT_PRODUCTS_DIR}/RealmSwift/RealmSwift.framework",
				"${BUILT_PRODUCTS_DIR}/SwipeCellKit/SwipeCellKit.framework",
			);
			name = "[CP] Embed Pods Frameworks";
			outputFileListPaths = (
			);
			outputPaths = (
				"${TARGET_BUILD_DIR}/${FRAMEWORKS_FOLDER_PATH}/CalendarKit.framework",
				"${TARGET_BUILD_DIR}/${FRAMEWORKS_FOLDER_PATH}/DateToolsSwift.framework",
				"${TARGET_BUILD_DIR}/${FRAMEWORKS_FOLDER_PATH}/Neon.framework",
				"${TARGET_BUILD_DIR}/${FRAMEWORKS_FOLDER_PATH}/Realm.framework",
				"${TARGET_BUILD_DIR}/${FRAMEWORKS_FOLDER_PATH}/RealmSwift.framework",
				"${TARGET_BUILD_DIR}/${FRAMEWORKS_FOLDER_PATH}/SwipeCellKit.framework",
			);
			runOnlyForDeploymentPostprocessing = 0;
			shellPath = /bin/sh;
			shellScript = "\"${SRCROOT}/Pods/Target Support Files/Pods-Todoey/Pods-Todoey-frameworks.sh\"\n";
			showEnvVarsInLog = 0;
		};
		A240ECE3D6B949E27F5DA48B /* [CP] Check Pods Manifest.lock */ = {
			isa = PBXShellScriptBuildPhase;
			buildActionMask = 2147483647;
			files = (
			);
			inputFileListPaths = (
			);
			inputPaths = (
				"${PODS_PODFILE_DIR_PATH}/Podfile.lock",
				"${PODS_ROOT}/Manifest.lock",
			);
			name = "[CP] Check Pods Manifest.lock";
			outputFileListPaths = (
			);
			outputPaths = (
				"$(DERIVED_FILE_DIR)/Pods-Todoey-checkManifestLockResult.txt",
			);
			runOnlyForDeploymentPostprocessing = 0;
			shellPath = /bin/sh;
			shellScript = "diff \"${PODS_PODFILE_DIR_PATH}/Podfile.lock\" \"${PODS_ROOT}/Manifest.lock\" > /dev/null\nif [ $? != 0 ] ; then\n    # print error to STDERR\n    echo \"error: The sandbox is not in sync with the Podfile.lock. Run 'pod install' or update your CocoaPods installation.\" >&2\n    exit 1\nfi\n# This output is used by Xcode 'outputs' to avoid re-running this script phase.\necho \"SUCCESS\" > \"${SCRIPT_OUTPUT_FILE_0}\"\n";
			showEnvVarsInLog = 0;
		};
/* End PBXShellScriptBuildPhase section */

/* Begin PBXSourcesBuildPhase section */
		04B90201220E0B6400EC5826 /* Sources */ = {
			isa = PBXSourcesBuildPhase;
			buildActionMask = 2147483647;
			files = (
				04F92512221A559800EFB549 /* Item.swift in Sources */,
				0430DD76221A2A7D000CA3D7 /* CategoryViewController.swift in Sources */,
				04B9020B220E0B6400EC5826 /* ToDoListViewController.swift in Sources */,
				04B90209220E0B6400EC5826 /* AppDelegate.swift in Sources */,
				04F92516221CC22900EFB549 /* SwipeTableViewController.swift in Sources */,
				04769D80221DF2FC00F0DE63 /* DayViewController.swift in Sources */,
				04F92514221A55AE00EFB549 /* Category.swift in Sources */,
			);
			runOnlyForDeploymentPostprocessing = 0;
		};
/* End PBXSourcesBuildPhase section */

/* Begin PBXVariantGroup section */
		04B9020C220E0B6400EC5826 /* Main.storyboard */ = {
			isa = PBXVariantGroup;
			children = (
				04B9020D220E0B6400EC5826 /* Base */,
			);
			name = Main.storyboard;
			sourceTree = "<group>";
		};
		04B90211220E0B6500EC5826 /* LaunchScreen.storyboard */ = {
			isa = PBXVariantGroup;
			children = (
				04B90212220E0B6500EC5826 /* Base */,
			);
			name = LaunchScreen.storyboard;
			sourceTree = "<group>";
		};
/* End PBXVariantGroup section */

/* Begin XCBuildConfiguration section */
		04B90215220E0B6500EC5826 /* Debug */ = {
			isa = XCBuildConfiguration;
			buildSettings = {
				ALWAYS_SEARCH_USER_PATHS = NO;
				CLANG_ANALYZER_NONNULL = YES;
				CLANG_ANALYZER_NUMBER_OBJECT_CONVERSION = YES_AGGRESSIVE;
				CLANG_CXX_LANGUAGE_STANDARD = "gnu++14";
				CLANG_CXX_LIBRARY = "libc++";
				CLANG_ENABLE_MODULES = YES;
				CLANG_ENABLE_OBJC_ARC = YES;
				CLANG_ENABLE_OBJC_WEAK = YES;
				CLANG_WARN_BLOCK_CAPTURE_AUTORELEASING = YES;
				CLANG_WARN_BOOL_CONVERSION = YES;
				CLANG_WARN_COMMA = YES;
				CLANG_WARN_CONSTANT_CONVERSION = YES;
				CLANG_WARN_DEPRECATED_OBJC_IMPLEMENTATIONS = YES;
				CLANG_WARN_DIRECT_OBJC_ISA_USAGE = YES_ERROR;
				CLANG_WARN_DOCUMENTATION_COMMENTS = YES;
				CLANG_WARN_EMPTY_BODY = YES;
				CLANG_WARN_ENUM_CONVERSION = YES;
				CLANG_WARN_INFINITE_RECURSION = YES;
				CLANG_WARN_INT_CONVERSION = YES;
				CLANG_WARN_NON_LITERAL_NULL_CONVERSION = YES;
				CLANG_WARN_OBJC_IMPLICIT_RETAIN_SELF = YES;
				CLANG_WARN_OBJC_LITERAL_CONVERSION = YES;
				CLANG_WARN_OBJC_ROOT_CLASS = YES_ERROR;
				CLANG_WARN_RANGE_LOOP_ANALYSIS = YES;
				CLANG_WARN_STRICT_PROTOTYPES = YES;
				CLANG_WARN_SUSPICIOUS_MOVE = YES;
				CLANG_WARN_UNGUARDED_AVAILABILITY = YES_AGGRESSIVE;
				CLANG_WARN_UNREACHABLE_CODE = YES;
				CLANG_WARN__DUPLICATE_METHOD_MATCH = YES;
				CODE_SIGN_IDENTITY = "iPhone Developer";
				COPY_PHASE_STRIP = NO;
				DEBUG_INFORMATION_FORMAT = dwarf;
				ENABLE_STRICT_OBJC_MSGSEND = YES;
				ENABLE_TESTABILITY = YES;
				GCC_C_LANGUAGE_STANDARD = gnu11;
				GCC_DYNAMIC_NO_PIC = NO;
				GCC_NO_COMMON_BLOCKS = YES;
				GCC_OPTIMIZATION_LEVEL = 0;
				GCC_PREPROCESSOR_DEFINITIONS = (
					"DEBUG=1",
					"$(inherited)",
				);
				GCC_WARN_64_TO_32_BIT_CONVERSION = YES;
				GCC_WARN_ABOUT_RETURN_TYPE = YES_ERROR;
				GCC_WARN_UNDECLARED_SELECTOR = YES;
				GCC_WARN_UNINITIALIZED_AUTOS = YES_AGGRESSIVE;
				GCC_WARN_UNUSED_FUNCTION = YES;
				GCC_WARN_UNUSED_VARIABLE = YES;
				IPHONEOS_DEPLOYMENT_TARGET = 12.1;
				MTL_ENABLE_DEBUG_INFO = INCLUDE_SOURCE;
				MTL_FAST_MATH = YES;
				ONLY_ACTIVE_ARCH = YES;
				SDKROOT = iphoneos;
				SWIFT_ACTIVE_COMPILATION_CONDITIONS = DEBUG;
				SWIFT_OPTIMIZATION_LEVEL = "-Onone";
			};
			name = Debug;
		};
		04B90216220E0B6500EC5826 /* Release */ = {
			isa = XCBuildConfiguration;
			buildSettings = {
				ALWAYS_SEARCH_USER_PATHS = NO;
				CLANG_ANALYZER_NONNULL = YES;
				CLANG_ANALYZER_NUMBER_OBJECT_CONVERSION = YES_AGGRESSIVE;
				CLANG_CXX_LANGUAGE_STANDARD = "gnu++14";
				CLANG_CXX_LIBRARY = "libc++";
				CLANG_ENABLE_MODULES = YES;
				CLANG_ENABLE_OBJC_ARC = YES;
				CLANG_ENABLE_OBJC_WEAK = YES;
				CLANG_WARN_BLOCK_CAPTURE_AUTORELEASING = YES;
				CLANG_WARN_BOOL_CONVERSION = YES;
				CLANG_WARN_COMMA = YES;
				CLANG_WARN_CONSTANT_CONVERSION = YES;
				CLANG_WARN_DEPRECATED_OBJC_IMPLEMENTATIONS = YES;
				CLANG_WARN_DIRECT_OBJC_ISA_USAGE = YES_ERROR;
				CLANG_WARN_DOCUMENTATION_COMMENTS = YES;
				CLANG_WARN_EMPTY_BODY = YES;
				CLANG_WARN_ENUM_CONVERSION = YES;
				CLANG_WARN_INFINITE_RECURSION = YES;
				CLANG_WARN_INT_CONVERSION = YES;
				CLANG_WARN_NON_LITERAL_NULL_CONVERSION = YES;
				CLANG_WARN_OBJC_IMPLICIT_RETAIN_SELF = YES;
				CLANG_WARN_OBJC_LITERAL_CONVERSION = YES;
				CLANG_WARN_OBJC_ROOT_CLASS = YES_ERROR;
				CLANG_WARN_RANGE_LOOP_ANALYSIS = YES;
				CLANG_WARN_STRICT_PROTOTYPES = YES;
				CLANG_WARN_SUSPICIOUS_MOVE = YES;
				CLANG_WARN_UNGUARDED_AVAILABILITY = YES_AGGRESSIVE;
				CLANG_WARN_UNREACHABLE_CODE = YES;
				CLANG_WARN__DUPLICATE_METHOD_MATCH = YES;
				CODE_SIGN_IDENTITY = "iPhone Developer";
				COPY_PHASE_STRIP = NO;
				DEBUG_INFORMATION_FORMAT = "dwarf-with-dsym";
				ENABLE_NS_ASSERTIONS = NO;
				ENABLE_STRICT_OBJC_MSGSEND = YES;
				GCC_C_LANGUAGE_STANDARD = gnu11;
				GCC_NO_COMMON_BLOCKS = YES;
				GCC_WARN_64_TO_32_BIT_CONVERSION = YES;
				GCC_WARN_ABOUT_RETURN_TYPE = YES_ERROR;
				GCC_WARN_UNDECLARED_SELECTOR = YES;
				GCC_WARN_UNINITIALIZED_AUTOS = YES_AGGRESSIVE;
				GCC_WARN_UNUSED_FUNCTION = YES;
				GCC_WARN_UNUSED_VARIABLE = YES;
				IPHONEOS_DEPLOYMENT_TARGET = 12.1;
				MTL_ENABLE_DEBUG_INFO = NO;
				MTL_FAST_MATH = YES;
				SDKROOT = iphoneos;
				SWIFT_COMPILATION_MODE = wholemodule;
				SWIFT_OPTIMIZATION_LEVEL = "-O";
				VALIDATE_PRODUCT = YES;
			};
			name = Release;
		};
		04B90218220E0B6500EC5826 /* Debug */ = {
			isa = XCBuildConfiguration;
			baseConfigurationReference = 8C934C3C399E3C057E674571 /* Pods-Todoey.debug.xcconfig */;
			buildSettings = {
				ASSETCATALOG_COMPILER_APPICON_NAME = AppIcon;
				CODE_SIGN_STYLE = Automatic;
				DEVELOPMENT_TEAM = P8GJTN2T5W;
				INFOPLIST_FILE = Todoey/Info.plist;
				LD_RUNPATH_SEARCH_PATHS = (
					"$(inherited)",
					"@executable_path/Frameworks",
				);
				PRODUCT_BUNDLE_IDENTIFIER = com.gio.Todoey;
				PRODUCT_NAME = "$(TARGET_NAME)";
				SWIFT_VERSION = 4.2;
				TARGETED_DEVICE_FAMILY = "1,2";
			};
			name = Debug;
		};
		04B90219220E0B6500EC5826 /* Release */ = {
			isa = XCBuildConfiguration;
			baseConfigurationReference = 4B643188AEE691D800790EEC /* Pods-Todoey.release.xcconfig */;
			buildSettings = {
				ASSETCATALOG_COMPILER_APPICON_NAME = AppIcon;
				CODE_SIGN_STYLE = Automatic;
				DEVELOPMENT_TEAM = P8GJTN2T5W;
				INFOPLIST_FILE = Todoey/Info.plist;
				LD_RUNPATH_SEARCH_PATHS = (
					"$(inherited)",
					"@executable_path/Frameworks",
				);
				PRODUCT_BUNDLE_IDENTIFIER = com.gio.Todoey;
				PRODUCT_NAME = "$(TARGET_NAME)";
				SWIFT_VERSION = 4.2;
				TARGETED_DEVICE_FAMILY = "1,2";
			};
			name = Release;
		};
/* End XCBuildConfiguration section */

/* Begin XCConfigurationList section */
		04B90200220E0B6400EC5826 /* Build configuration list for PBXProject "Todoey" */ = {
			isa = XCConfigurationList;
			buildConfigurations = (
				04B90215220E0B6500EC5826 /* Debug */,
				04B90216220E0B6500EC5826 /* Release */,
			);
			defaultConfigurationIsVisible = 0;
			defaultConfigurationName = Release;
		};
		04B90217220E0B6500EC5826 /* Build configuration list for PBXNativeTarget "Todoey" */ = {
			isa = XCConfigurationList;
			buildConfigurations = (
				04B90218220E0B6500EC5826 /* Debug */,
				04B90219220E0B6500EC5826 /* Release */,
			);
			defaultConfigurationIsVisible = 0;
			defaultConfigurationName = Release;
		};
/* End XCConfigurationList section */
	};
	rootObject = 04B901FD220E0B6400EC5826 /* Project object */;
}
